{
  "lockfileVersion": 1,
  "configVersion": 1,
  "workspaces": {
    "": {
      "name": "codeatlas",
      "dependencies": {
        "@dagrejs/dagre": "^3.1.1",
        "typescript": "^5.9.3",
      },
      "devDependencies": {
        "@types/node": "^26.4.0",
        "bun-types": "^1.4.0",
      },
    },
  },
  "packages": {
    "@dagrejs/dagre": ["@dagrejs/dagre@3.1.1", "", { "dependencies": { "@dagrejs/graphlib": "4.0.5" } }, "sha512-zroZB1dFOFiGgv4Xcrn1DckB1o4aOikPqD2NDQPV0WM//CXGcS6xiD0rNkqHmw6FEg4tabt4nxPLwgCWT+Vb2A=="],

    "@dagrejs/graphlib": ["@dagrejs/graphlib@4.0.5", "", {}, "sha512-7xrBTqIts3o+PMUZX97wSc+7TUbW+/rULzGNCTP6yooNVDXbzw4Wutg/H/xOutTB/c/k0YqOAavgPh4/Zk9PFA=="],

    "@types/node": ["@types/node@26.4.0", "https://registry.npmmirror.com/@types/node/-/node-26.4.0.tgz", { "dependencies": { "undici-types": "~8.3.0" } }, "sha512-faiGnoIrLH/V8cibOMEAZ8pMw6oXqSukl29ra4mN8GdaB2ZewzeaLj+INpV5N+Z1eKWzY+IzaIZH2EIR6YZRNQ=="],

    "bun-types": ["bun-types@1.4.0", "https://registry.npmmirror.com/bun-types/-/bun-types-1.4.0.tgz", { "dependencies": { "@types/node": "*" } }, "sha512-iIKw23BspnQQYd3prITOBxeUsxBHnwzX6YJfGMuNOZzeNcMmVqzIIVGRm1l69ogaPQmb4wB6BN8mA5bE9YuC5Q=="],

    "typescript": ["typescript@5.9.3", "https://registry.npmmirror.com/typescript/-/typescript-5.9.3.tgz", { "bin": { "tsc": "bin/tsc", "tsserver": "bin/tsserver" } }, "sha512-jl1vZzPDinLr9eUt3J/t7V6FgNEw9QjvBPdysz9KfQDD41fQrC2Y4vKQdiaUpFT4bXlb1RHhLpp8wtm6M5TgSw=="],

    "undici-types": ["undici-types@8.3.0", "https://registry.npmmirror.com/undici-types/-/undici-types-8.3.0.tgz", {}, "sha512-j375ScV60dom+YkPFIfTLcOiPxkN/buHz5GobjLhixFuANaNs3C9l4GmrWqejgXWJ7BbJcFYpTEUkS1Ge8bpZQ=="],
  }
}
