{
  "name": "codeblast",
  "version": "0.3.3",
  "lockfileVersion": 3,
  "requires": true,
  "packages": {
    "": {
      "name": "codeblast",
      "version": "0.3.3",
      "license": "MIT",
      "dependencies": {
        "@dagrejs/dagre": "^3.1.1",
        "typescript": "^5.9.3"
      },
      "bin": {
        "codeblast": "dist/bin.js"
      },
      "devDependencies": {
        "@types/node": "^26.4.0",
        "bun-types": "^1.4.0"
      },
      "engines": {
        "node": ">=22.13.0"
      }
    },
    "node_modules/@dagrejs/dagre": {
      "version": "3.1.1",
      "license": "MIT",
      "dependencies": {
        "@dagrejs/graphlib": "4.0.5"
      }
    },
    "node_modules/@dagrejs/graphlib": {
      "version": "4.0.5",
      "license": "MIT"
    },
    "node_modules/@types/node": {
      "version": "26.4.0",
      "dev": true,
      "license": "MIT",
      "dependencies": {
        "undici-types": "~8.3.0"
      }
    },
    "node_modules/bun-types": {
      "version": "1.4.0",
      "dev": true,
      "license": "MIT",
      "dependencies": {
        "@types/node": "*"
      }
    },
    "node_modules/typescript": {
      "version": "5.9.3",
      "license": "Apache-2.0",
      "bin": {
        "tsc": "bin/tsc",
        "tsserver": "bin/tsserver"
      },
      "engines": {
        "node": ">=14.17"
      }
    },
    "node_modules/undici-types": {
      "version": "8.3.0",
      "dev": true,
      "license": "MIT"
    }
  }
}
